// !$*UTF8*$!
{
	archiveVersion = 1;
	classes = {
	};
	objectVersion = 48;
	objects = {

/* Begin PBXBuildFile section */
		4FFC186420B7FA0C0041491B /* AppDelegate.swift in Sources */ = {isa = PBXBuildFile; fileRef = 4FFC186320B7FA0C0041491B /* AppDelegate.swift */; };
		4FFC186620B7FA0C0041491B /* ViewController.swift in Sources */ = {isa = PBXBuildFile; fileRef = 4FFC186520B7FA0C0041491B /* ViewController.swift */; };
		4FFC186920B7FA0C0041491B /* Main.storyboard in Resources */ = {isa = PBXBuildFile; fileRef = 4FFC186720B7FA0C0041491B /* Main.storyboard */; };
		4FFC186B20B7FA0C0041491B /* Assets.xcassets in Resources */ = {isa = PBXBuildFile; fileRef = 4FFC186A20B7FA0C0041491B /* Assets.xcassets */; };
		4FFC186E20B7FA0C0041491B /* LaunchScreen.storyboard in Resources */ = {isa = PBXBuildFile; fileRef = 4FFC186C20B7FA0C0041491B /* LaunchScreen.storyboard */; };
		4FFC187920B7FA0C0041491B /* TestTests.swift in Sources */ = {isa = PBXBuildFile; fileRef = 4FFC187820B7FA0C0041491B /* TestTests.swift */; };
		4FFC188420B7FA0C0041491B /* TestUITests.swift in Sources */ = {isa = PBXBuildFile; fileRef = 4FFC188320B7FA0C0041491B /* TestUITests.swift */; };
/* End PBXBuildFile section */

/* Begin PBXContainerItemProxy section */
		4FFC187520B7FA0C0041491B /* PBXContainerItemProxy */ = {
			isa = PBXContainerItemProxy;
			containerPortal = 4FFC185820B7FA0C0041491B /* Project object */;
			proxyType = 1;
			remoteGlobalIDString = 4FFC185F20B7FA0C0041491B;
			remoteInfo = Test;
		};
		4FFC188020B7FA0C0041491B /* PBXContainerItemProxy */ = {
			isa = PBXContainerItemProxy;
			containerPortal = 4FFC185820B7FA0C0041491B /* Project object */;
			proxyType = 1;
			remoteGlobalIDString = 4FFC185F20B7FA0C0041491B;
			remoteInfo = Test;
		};
/* End PBXContainerItemProxy section */

/* Begin PBXFileReference section */
		4FFC186020B7FA0C0041491B /* Test.app */ = {isa = PBXFileReference; explicitFileType = wrapper.application; includeInIndex = 0; path = Test.app; sourceTree = BUILT_PRODUCTS_DIR; };
		4FFC186320B7FA0C0041491B /* AppDelegate.swift */ = {isa = PBXFileReference; lastKnownFileType = sourcecode.swift; path = AppDelegate.swift; sourceTree = "<group>"; };
		4FFC186520B7FA0C0041491B /* ViewController.swift */ = {isa = PBXFileReference; lastKnownFileType = sourcecode.swift; path = ViewController.swift; sourceTree = "<group>"; };
		4FFC186820B7FA0C0041491B /* Base */ = {isa = PBXFileReference; lastKnownFileType = file.storyboard; name = Base; path = Base.lproj/Main.storyboard; sourceTree = "<group>"; };
		4FFC186A20B7FA0C0041491B /* Assets.xcassets */ = {isa = PBXFileReference; lastKnownFileType = folder.assetcatalog; path = Assets.xcassets; sourceTree = "<group>"; };
		4FFC186D20B7FA0C0041491B /* Base */ = {isa = PBXFileReference; lastKnownFileType = file.storyboard; name = Base; path = Base.lproj/LaunchScreen.storyboard; sourceTree = "<group>"; };
		4FFC186F20B7FA0C0041491B /* Info.plist */ = {isa = PBXFileReference; lastKnownFileType = text.plist.xml; path = Info.plist; sourceTree = "<group>"; };
		4FFC187420B7FA0C0041491B /* TestTests.xctest */ = {isa = PBXFileReference; explicitFileType = wrapper.cfbundle; includeInIndex = 0; path = TestTests.xctest; sourceTree = BUILT_PRODUCTS_DIR; };
		4FFC187820B7FA0C0041491B /* TestTests.swift */ = {isa = PBXFileReference; lastKnownFileType = sourcecode.swift; path = TestTests.swift; sourceTree = "<group>"; };
		4FFC187A20B7FA0C0041491B /* Info.plist */ = {isa = PBXFileReference; lastKnownFileType = text.plist.xml; path = Info.plist; sourceTree = "<group>"; };
		4FFC187F20B7FA0C0041491B /* TestUITests.xctest */ = {isa = PBXFileReference; explicitFileType = wrapper.cfbundle; includeInIndex = 0; path = TestUITests.xctest; sourceTree = BUILT_PRODUCTS_DIR; };
		4FFC188320B7FA0C0041491B /* TestUITests.swift */ = {isa = PBXFileReference; lastKnownFileType = sourcecode.swift; path = TestUITests.swift; sourceTree = "<group>"; };
		4FFC188520B7FA0C0041491B /* Info.plist */ = {isa = PBXFileReference; lastKnownFileType = text.plist.xml; path = Info.plist; sourceTree = "<group>"; };
/* End PBXFileReference section */

/* Begin PBXFrameworksBuildPhase section */
		4FFC185D20B7FA0C0041491B /* Frameworks */ = {
			isa = PBXFrameworksBuildPhase;
			buildActionMask = 2147483647;
			files = (
			);
			runOnlyForDeploymentPostprocessing = 0;
		};
		4FFC187120B7FA0C0041491B /* Frameworks */ = {
			isa = PBXFrameworksBuildPhase;
			buildActionMask = 2147483647;
			files = (
			);
			runOnlyForDeploymentPostprocessing = 0;
		};
		4FFC187C20B7FA0C0041491B /* Frameworks */ = {
			isa = PBXFrameworksBuildPhase;
			buildActionMask = 2147483647;
			files = (
			);
			runOnlyForDeploymentPostprocessing = 0;
		};
/* End PBXFrameworksBuildPhase section */

/* Begin PBXGroup section */
		4FFC185720B7FA0C0041491B = {
			isa = PBXGroup;
			children = (
				4FFC186220B7FA0C0041491B /* Test */,
				4FFC187720B7FA0C0041491B /* TestTests */,
				4FFC188220B7FA0C0041491B /* TestUITests */,
				4FFC186120B7FA0C0041491B /* Products */,
			);
			sourceTree = "<group>";
		};
		4FFC186120B7FA0C0041491B /* Products */ = {
			isa = PBXGroup;
			children = (
				4FFC186020B7FA0C0041491B /* Test.app */,
				4FFC187420B7FA0C0041491B /* TestTests.xctest */,
				4FFC187F20B7FA0C0041491B /* TestUITests.xctest */,
			);
			name = Products;
			sourceTree = "<group>";
		};
		4FFC186220B7FA0C0041491B /* Test */ = {
			isa = PBXGroup;
			children = (
				4FFC186320B7FA0C0041491B /* AppDelegate.swift */,
				4FFC186520B7FA0C0041491B /* ViewController.swift */,
				4FFC186720B7FA0C0041491B /* Main.storyboard */,
				4FFC186A20B7FA0C0041491B /* Assets.xcassets */,
				4FFC186C20B7FA0C0041491B /* LaunchScreen.storyboard */,
				4FFC186F20B7FA0C0041491B /* Info.plist */,
			);
			path = Test;
			sourceTree = "<group>";
		};
		4FFC187720B7FA0C0041491B /* TestTests */ = {
			isa = PBXGroup;
			children = (
				4FFC187820B7FA0C0041491B /* TestTests.swift */,
				4FFC187A20B7FA0C0041491B /* Info.plist */,
			);
			path = TestTests;
			sourceTree = "<group>";
		};
		4FFC188220B7FA0C0041491B /* TestUITests */ = {
			isa = PBXGroup;
			children = (
				4FFC188320B7FA0C0041491B /* TestUITests.swift */,
				4FFC188520B7FA0C0041491B /* Info.plist */,
			);
			path = TestUITests;
			sourceTree = "<group>";
		};
/* End PBXGroup section */

/* Begin PBXNativeTarget section */
		4FFC185F20B7FA0C0041491B /* Test */ = {
			isa = PBXNativeTarget;
			buildConfigurationList = 4FFC188820B7FA0C0041491B /* Build configuration list for PBXNativeTarget "Test" */;
			buildPhases = (
				4FFC185C20B7FA0C0041491B /* Sources */,
				4FFC185D20B7FA0C0041491B /* Frameworks */,
				4FFC185E20B7FA0C0041491B /* Resources */,
			);
			buildRules = (
			);
			dependencies = (
			);
			name = Test;
			productName = Test;
			productReference = 4FFC186020B7FA0C0041491B /* Test.app */;
			productType = "com.apple.product-type.application";
		};
		4FFC187320B7FA0C0041491B /* TestTests */ = {
			isa = PBXNativeTarget;
			buildConfigurationList = 4FFC188B20B7FA0C0041491B /* Build configuration list for PBXNativeTarget "TestTests" */;
			buildPhases = (
				4FFC187020B7FA0C0041491B /* Sources */,
				4FFC187120B7FA0C0041491B /* Frameworks */,
				4FFC187220B7FA0C0041491B /* Resources */,
			);
			buildRules = (
			);
			dependencies = (
				4FFC187620B7FA0C0041491B /* PBXTargetDependency */,
			);
			name = TestTests;
			productName = TestTests;
			productReference = 4FFC187420B7FA0C0041491B /* TestTests.xctest */;
			productType = "com.apple.product-type.bundle.unit-test";
		};
		4FFC187E20B7FA0C0041491B /* TestUITests */ = {
			isa = PBXNativeTarget;
			buildConfigurationList = 4FFC188E20B7FA0C0041491B /* Build configuration list for PBXNativeTarget "TestUITests" */;
			buildPhases = (
				4FFC187B20B7FA0C0041491B /* Sources */,
				4FFC187C20B7FA0C0041491B /* Frameworks */,
				4FFC187D20B7FA0C0041491B /* Resources */,
			);
			buildRules = (
			);
			dependencies = (
				4FFC188120B7FA0C0041491B /* PBXTargetDependency */,
			);
			name = TestUITests;
			productName = TestUITests;
			productReference = 4FFC187F20B7FA0C0041491B /* TestUITests.xctest */;
			productType = "com.apple.product-type.bundle.ui-testing";
		};
/* End PBXNativeTarget section */

/* Begin PBXProject section */
		4FFC185820B7FA0C0041491B /* Project object */ = {
			isa = PBXProject;
			attributes = {
				LastSwiftUpdateCheck = 0900;
				LastUpgradeCheck = 0900;
				ORGANIZATIONNAME = DangTran;
				TargetAttributes = {
					4FFC185F20B7FA0C0041491B = {
						CreatedOnToolsVersion = 9.0.1;
						ProvisioningStyle = Automatic;
					};
					4FFC187320B7FA0C0041491B = {
						CreatedOnToolsVersion = 9.0.1;
						ProvisioningStyle = Automatic;
						TestTargetID = 4FFC185F20B7FA0C0041491B;
					};
					4FFC187E20B7FA0C0041491B = {
						CreatedOnToolsVersion = 9.0.1;
						ProvisioningStyle = Automatic;
						TestTargetID = 4FFC185F20B7FA0C0041491B;
					};
				};
			};
			buildConfigurationList = 4FFC185B20B7FA0C0041491B /* Build configuration list for PBXProject "Test" */;
			compatibilityVersion = "Xcode 8.0";
			developmentRegion = en;
			hasScannedForEncodings = 0;
			knownRegions = (
				en,
				Base,
			);
			mainGroup = 4FFC185720B7FA0C0041491B;
			productRefGroup = 4FFC186120B7FA0C0041491B /* Products */;
			projectDirPath = "";
			projectRoot = "";
			targets = (
				4FFC185F20B7FA0C0041491B /* Test */,
				4FFC187320B7FA0C0041491B /* TestTests */,
				4FFC187E20B7FA0C0041491B /* TestUITests */,
			);
		};
/* End PBXProject section */

/* Begin PBXResourcesBuildPhase section */
		4FFC185E20B7FA0C0041491B /* Resources */ = {
			isa = PBXResourcesBuildPhase;
			buildActionMask = 2147483647;
			files = (
				4FFC186E20B7FA0C0041491B /* LaunchScreen.storyboard in Resources */,
				4FFC186B20B7FA0C0041491B /* Assets.xcassets in Resources */,
				4FFC186920B7FA0C0041491B /* Main.storyboard in Resources */,
			);
			runOnlyForDeploymentPostprocessing = 0;
		};
		4FFC187220B7FA0C0041491B /* Resources */ = {
			isa = PBXResourcesBuildPhase;
			buildActionMask = 2147483647;
			files = (
			);
			runOnlyForDeploymentPostprocessing = 0;
		};
		4FFC187D20B7FA0C0041491B /* Resources */ = {
			isa = PBXResourcesBuildPhase;
			buildActionMask = 2147483647;
			files = (
			);
			runOnlyForDeploymentPostprocessing = 0;
		};
/* End PBXResourcesBuildPhase section */

/* Begin PBXSourcesBuildPhase section */
		4FFC185C20B7FA0C0041491B /* Sources */ = {
			isa = PBXSourcesBuildPhase;
			buildActionMask = 2147483647;
			files = (
				4FFC186620B7FA0C0041491B /* ViewController.swift in Sources */,
				4FFC186420B7FA0C0041491B /* AppDelegate.swift in Sources */,
			);
			runOnlyForDeploymentPostprocessing = 0;
		};
		4FFC187020B7FA0C0041491B /* Sources */ = {
			isa = PBXSourcesBuildPhase;
			buildActionMask = 2147483647;
			files = (
				4FFC187920B7FA0C0041491B /* TestTests.swift in Sources */,
			);
			runOnlyForDeploymentPostprocessing = 0;
		};
		4FFC187B20B7FA0C0041491B /* Sources */ = {
			isa = PBXSourcesBuildPhase;
			buildActionMask = 2147483647;
			files = (
				4FFC188420B7FA0C0041491B /* TestUITests.swift in Sources */,
			);
			runOnlyForDeploymentPostprocessing = 0;
		};
/* End PBXSourcesBuildPhase section */

/* Begin PBXTargetDependency section */
		4FFC187620B7FA0C0041491B /* PBXTargetDependency */ = {
			isa = PBXTargetDependency;
			target = 4FFC185F20B7FA0C0041491B /* Test */;
			targetProxy = 4FFC187520B7FA0C0041491B /* PBXContainerItemProxy */;
		};
		4FFC188120B7FA0C0041491B /* PBXTargetDependency */ = {
			isa = PBXTargetDependency;
			target = 4FFC185F20B7FA0C0041491B /* Test */;
			targetProxy = 4FFC188020B7FA0C0041491B /* PBXContainerItemProxy */;
		};
/* End PBXTargetDependency section */

/* Begin PBXVariantGroup section */
		4FFC186720B7FA0C0041491B /* Main.storyboard */ = {
			isa = PBXVariantGroup;
			children = (
				4FFC186820B7FA0C0041491B /* Base */,
			);
			name = Main.storyboard;
			sourceTree = "<group>";
		};
		4FFC186C20B7FA0C0041491B /* LaunchScreen.storyboard */ = {
			isa = PBXVariantGroup;
			children = (
				4FFC186D20B7FA0C0041491B /* Base */,
			);
			name = LaunchScreen.storyboard;
			sourceTree = "<group>";
		};
/* End PBXVariantGroup section */

/* Begin XCBuildConfiguration section */
		4FFC188620B7FA0C0041491B /* Debug */ = {
			isa = XCBuildConfiguration;
			buildSettings = {
				ALWAYS_SEARCH_USER_PATHS = NO;
				CLANG_ANALYZER_NONNULL = YES;
				CLANG_ANALYZER_NUMBER_OBJECT_CONVERSION = YES_AGGRESSIVE;
				CLANG_CXX_LANGUAGE_STANDARD = "gnu++14";
				CLANG_CXX_LIBRARY = "libc++";
				CLANG_ENABLE_MODULES = YES;
				CLANG_ENABLE_OBJC_ARC = YES;
				CLANG_WARN_BLOCK_CAPTURE_AUTORELEASING = YES;
				CLANG_WARN_BOOL_CONVERSION = YES;
				CLANG_WARN_COMMA = YES;
				CLANG_WARN_CONSTANT_CONVERSION = YES;
				CLANG_WARN_DIRECT_OBJC_ISA_USAGE = YES_ERROR;
				CLANG_WARN_DOCUMENTATION_COMMENTS = YES;
				CLANG_WARN_EMPTY_BODY = YES;
				CLANG_WARN_ENUM_CONVERSION = YES;
				CLANG_WARN_INFINITE_RECURSION = YES;
				CLANG_WARN_INT_CONVERSION = YES;
				CLANG_WARN_NON_LITERAL_NULL_CONVERSION = YES;
				CLANG_WARN_OBJC_LITERAL_CONVERSION = YES;
				CLANG_WARN_OBJC_ROOT_CLASS = YES_ERROR;
				CLANG_WARN_RANGE_LOOP_ANALYSIS = YES;
				CLANG_WARN_STRICT_PROTOTYPES = YES;
				CLANG_WARN_SUSPICIOUS_MOVE = YES;
				CLANG_WARN_UNGUARDED_AVAILABILITY = YES_AGGRESSIVE;
				CLANG_WARN_UNREACHABLE_CODE = YES;
				CLANG_WARN__DUPLICATE_METHOD_MATCH = YES;
				CODE_SIGN_IDENTITY = "iPhone Developer";
				COPY_PHASE_STRIP = NO;
				DEBUG_INFORMATION_FORMAT = dwarf;
				ENABLE_STRICT_OBJC_MSGSEND = YES;
				ENABLE_TESTABILITY = YES;
				GCC_C_LANGUAGE_STANDARD = gnu11;
				GCC_DYNAMIC_NO_PIC = NO;
				GCC_NO_COMMON_BLOCKS = YES;
				GCC_OPTIMIZATION_LEVEL = 0;
				GCC_PREPROCESSOR_DEFINITIONS = (
					"DEBUG=1",
					"$(inherited)",
				);
				GCC_WARN_64_TO_32_BIT_CONVERSION = YES;
				GCC_WARN_ABOUT_RETURN_TYPE = YES_ERROR;
				GCC_WARN_UNDECLARED_SELECTOR = YES;
				GCC_WARN_UNINITIALIZED_AUTOS = YES_AGGRESSIVE;
				GCC_WARN_UNUSED_FUNCTION = YES;
				GCC_WARN_UNUSED_VARIABLE = YES;
				IPHONEOS_DEPLOYMENT_TARGET = 11.0;
				MTL_ENABLE_DEBUG_INFO = YES;
				ONLY_ACTIVE_ARCH = YES;
				SDKROOT = iphoneos;
				SWIFT_ACTIVE_COMPILATION_CONDITIONS = DEBUG;
				SWIFT_OPTIMIZATION_LEVEL = "-Onone";
			};
			name = Debug;
		};
		4FFC188720B7FA0C0041491B /* Release */ = {
			isa = XCBuildConfiguration;
			buildSettings = {
				ALWAYS_SEARCH_USER_PATHS = NO;
				CLANG_ANALYZER_NONNULL = YES;
				CLANG_ANALYZER_NUMBER_OBJECT_CONVERSION = YES_AGGRESSIVE;
				CLANG_CXX_LANGUAGE_STANDARD = "gnu++14";
				CLANG_CXX_LIBRARY = "libc++";
				CLANG_ENABLE_MODULES = YES;
				CLANG_ENABLE_OBJC_ARC = YES;
				CLANG_WARN_BLOCK_CAPTURE_AUTORELEASING = YES;
				CLANG_WARN_BOOL_CONVERSION = YES;
				CLANG_WARN_COMMA = YES;
				CLANG_WARN_CONSTANT_CONVERSION = YES;
				CLANG_WARN_DIRECT_OBJC_ISA_USAGE = YES_ERROR;
				CLANG_WARN_DOCUMENTATION_COMMENTS = YES;
				CLANG_WARN_EMPTY_BODY = YES;
				CLANG_WARN_ENUM_CONVERSION = YES;
				CLANG_WARN_INFINITE_RECURSION = YES;
				CLANG_WARN_INT_CONVERSION = YES;
				CLANG_WARN_NON_LITERAL_NULL_CONVERSION = YES;
				CLANG_WARN_OBJC_LITERAL_CONVERSION = YES;
				CLANG_WARN_OBJC_ROOT_CLASS = YES_ERROR;
				CLANG_WARN_RANGE_LOOP_ANALYSIS = YES;
				CLANG_WARN_STRICT_PROTOTYPES = YES;
				CLANG_WARN_SUSPICIOUS_MOVE = YES;
				CLANG_WARN_UNGUARDED_AVAILABILITY = YES_AGGRESSIVE;
				CLANG_WARN_UNREACHABLE_CODE = YES;
				CLANG_WARN__DUPLICATE_METHOD_MATCH = YES;
				CODE_SIGN_IDENTITY = "iPhone Developer";
				COPY_PHASE_STRIP = NO;
				DEBUG_INFORMATION_FORMAT = "dwarf-with-dsym";
				ENABLE_NS_ASSERTIONS = NO;
				ENABLE_STRICT_OBJC_MSGSEND = YES;
				GCC_C_LANGUAGE_STANDARD = gnu11;
				GCC_NO_COMMON_BLOCKS = YES;
				GCC_WARN_64_TO_32_BIT_CONVERSION = YES;
				GCC_WARN_ABOUT_RETURN_TYPE = YES_ERROR;
				GCC_WARN_UNDECLARED_SELECTOR = YES;
				GCC_WARN_UNINITIALIZED_AUTOS = YES_AGGRESSIVE;
				GCC_WARN_UNUSED_FUNCTION = YES;
				GCC_WARN_UNUSED_VARIABLE = YES;
				IPHONEOS_DEPLOYMENT_TARGET = 11.0;
				MTL_ENABLE_DEBUG_INFO = NO;
				SDKROOT = iphoneos;
				SWIFT_OPTIMIZATION_LEVEL = "-Owholemodule";
				VALIDATE_PRODUCT = YES;
			};
			name = Release;
		};
		4FFC188920B7FA0C0041491B /* Debug */ = {
			isa = XCBuildConfiguration;
			buildSettings = {
				ASSETCATALOG_COMPILER_APPICON_NAME = AppIcon;
				CODE_SIGN_STYLE = Automatic;
				DEVELOPMENT_TEAM = 3Q8QYJQJX5;
				INFOPLIST_FILE = Test/Info.plist;
				LD_RUNPATH_SEARCH_PATHS = "$(inherited) @executable_path/Frameworks";
				PRODUCT_BUNDLE_IDENTIFIER = com.Test;
				PRODUCT_NAME = "$(TARGET_NAME)";
				SWIFT_VERSION = 4.0;
				TARGETED_DEVICE_FAMILY = "1,2";
			};
			name = Debug;
		};
		4FFC188A20B7FA0C0041491B /* Release */ = {
			isa = XCBuildConfiguration;
			buildSettings = {
				ASSETCATALOG_COMPILER_APPICON_NAME = AppIcon;
				CODE_SIGN_STYLE = Automatic;
				DEVELOPMENT_TEAM = 3Q8QYJQJX5;
				INFOPLIST_FILE = Test/Info.plist;
				LD_RUNPATH_SEARCH_PATHS = "$(inherited) @executable_path/Frameworks";
				PRODUCT_BUNDLE_IDENTIFIER = com.Test;
				PRODUCT_NAME = "$(TARGET_NAME)";
				SWIFT_VERSION = 4.0;
				TARGETED_DEVICE_FAMILY = "1,2";
			};
			name = Release;
		};
		4FFC188C20B7FA0C0041491B /* Debug */ = {
			isa = XCBuildConfiguration;
			buildSettings = {
				ALWAYS_EMBED_SWIFT_STANDARD_LIBRARIES = YES;
				BUNDLE_LOADER = "$(TEST_HOST)";
				CODE_SIGN_STYLE = Automatic;
				INFOPLIST_FILE = TestTests/Info.plist;
				LD_RUNPATH_SEARCH_PATHS = "$(inherited) @executable_path/Frameworks @loader_path/Frameworks";
				PRODUCT_BUNDLE_IDENTIFIER = com.TestTests;
				PRODUCT_NAME = "$(TARGET_NAME)";
				SWIFT_VERSION = 4.0;
				TARGETED_DEVICE_FAMILY = "1,2";
				TEST_HOST = "$(BUILT_PRODUCTS_DIR)/Test.app/Test";
			};
			name = Debug;
		};
		4FFC188D20B7FA0C0041491B /* Release */ = {
			isa = XCBuildConfiguration;
			buildSettings = {
				ALWAYS_EMBED_SWIFT_STANDARD_LIBRARIES = YES;
				BUNDLE_LOADER = "$(TEST_HOST)";
				CODE_SIGN_STYLE = Automatic;
				INFOPLIST_FILE = TestTests/Info.plist;
				LD_RUNPATH_SEARCH_PATHS = "$(inherited) @executable_path/Frameworks @loader_path/Frameworks";
				PRODUCT_BUNDLE_IDENTIFIER = com.TestTests;
				PRODUCT_NAME = "$(TARGET_NAME)";
				SWIFT_VERSION = 4.0;
				TARGETED_DEVICE_FAMILY = "1,2";
				TEST_HOST = "$(BUILT_PRODUCTS_DIR)/Test.app/Test";
			};
			name = Release;
		};
		4FFC188F20B7FA0C0041491B /* Debug */ = {
			isa = XCBuildConfiguration;
			buildSettings = {
				ALWAYS_EMBED_SWIFT_STANDARD_LIBRARIES = YES;
				CODE_SIGN_STYLE = Automatic;
				INFOPLIST_FILE = TestUITests/Info.plist;
				LD_RUNPATH_SEARCH_PATHS = "$(inherited) @executable_path/Frameworks @loader_path/Frameworks";
				PRODUCT_BUNDLE_IDENTIFIER = com.TestUITests;
				PRODUCT_NAME = "$(TARGET_NAME)";
				SWIFT_VERSION = 4.0;
				TARGETED_DEVICE_FAMILY = "1,2";
				TEST_TARGET_NAME = Test;
			};
			name = Debug;
		};
		4FFC189020B7FA0C0041491B /* Release */ = {
			isa = XCBuildConfiguration;
			buildSettings = {
				ALWAYS_EMBED_SWIFT_STANDARD_LIBRARIES = YES;
				CODE_SIGN_STYLE = Automatic;
				INFOPLIST_FILE = TestUITests/Info.plist;
				LD_RUNPATH_SEARCH_PATHS = "$(inherited) @executable_path/Frameworks @loader_path/Frameworks";
				PRODUCT_BUNDLE_IDENTIFIER = com.TestUITests;
				PRODUCT_NAME = "$(TARGET_NAME)";
				SWIFT_VERSION = 4.0;
				TARGETED_DEVICE_FAMILY = "1,2";
				TEST_TARGET_NAME = Test;
			};
			name = Release;
		};
/* End XCBuildConfiguration section */

/* Begin XCConfigurationList section */
		4FFC185B20B7FA0C0041491B /* Build configuration list for PBXProject "Test" */ = {
			isa = XCConfigurationList;
			buildConfigurations = (
				4FFC188620B7FA0C0041491B /* Debug */,
				4FFC188720B7FA0C0041491B /* Release */,
			);
			defaultConfigurationIsVisible = 0;
			defaultConfigurationName = Release;
		};
		4FFC188820B7FA0C0041491B /* Build configuration list for PBXNativeTarget "Test" */ = {
			isa = XCConfigurationList;
			buildConfigurations = (
				4FFC188920B7FA0C0041491B /* Debug */,
				4FFC188A20B7FA0C0041491B /* Release */,
			);
			defaultConfigurationIsVisible = 0;
			defaultConfigurationName = Release;
		};
		4FFC188B20B7FA0C0041491B /* Build configuration list for PBXNativeTarget "TestTests" */ = {
			isa = XCConfigurationList;
			buildConfigurations = (
				4FFC188C20B7FA0C0041491B /* Debug */,
				4FFC188D20B7FA0C0041491B /* Release */,
			);
			defaultConfigurationIsVisible = 0;
			defaultConfigurationName = Release;
		};
		4FFC188E20B7FA0C0041491B /* Build configuration list for PBXNativeTarget "TestUITests" */ = {
			isa = XCConfigurationList;
			buildConfigurations = (
				4FFC188F20B7FA0C0041491B /* Debug */,
				4FFC189020B7FA0C0041491B /* Release */,
			);
			defaultConfigurationIsVisible = 0;
			defaultConfigurationName = Release;
		};
/* End XCConfigurationList section */
	};
	rootObject = 4FFC185820B7FA0C0041491B /* Project object */;
}
